{
  "originHash" : "3f423fd3baf0832c150ac49ac116b179baf4d3e18de1febe29e7d52dd470ec68",
  "pins" : [
    {
      "identity" : "sentry-cocoa",
      "kind" : "remoteSourceControl",
      "location" : "https://github.com/getsentry/sentry-cocoa.git",
      "state" : {
        "revision" : "d9df1c4e8d8466c7f8b3c56150378927dadf1b8e",
        "version" : "9.29.0"
      }
    },
    {
      "identity" : "vrmkit",
      "kind" : "remoteSourceControl",
      "location" : "https://github.com/tattn/VRMKit.git",
      "state" : {
        "revision" : "542bef481c2714df749b650e5e7c32c4df006a1e",
        "version" : "0.10.0"
      }
    }
  ],
  "version" : 3
}
